
Microsoft Visual Studio Solution File, Format Version 12.00
# Visual Studio Version 16
VisualStudioVersion = 16.0.29926.136
MinimumVisualStudioVersion = 10.0.40219.1
Project("{FAE04EC0-301F-11D3-BF4B-00C04F79EFBC}") = "WebsiteCofffee", "WebsiteCofffee\WebsiteCofffee.csproj", "{7A3A14AB-9DED-4962-B155-2459861F4FD7}"
EndProject
Project("{FAE04EC0-301F-11D3-BF4B-00C04F79EFBC}") = "Model", "Model\Model.csproj", "{C8050BF9-EAEE-438A-AF9F-913004E7349F}"
EndProject
Global
	GlobalSection(SolutionConfigurationPlatforms) = preSolution
		Debug|Any CPU = Debug|Any CPU
		Release|Any CPU = Release|Any CPU
	EndGlobalSection
	GlobalSection(ProjectConfigurationPlatforms) = postSolution
		{7A3A14AB-9DED-4962-B155-2459861F4FD7}.Debug|Any CPU.ActiveCfg = Debug|Any CPU
		{7A3A14AB-9DED-4962-B155-2459861F4FD7}.Debug|Any CPU.Build.0 = Debug|Any CPU
		{7A3A14AB-9DED-4962-B155-2459861F4FD7}.Release|Any CPU.ActiveCfg = Release|Any CPU
		{7A3A14AB-9DED-4962-B155-2459861F4FD7}.Release|Any CPU.Build.0 = Release|Any CPU
		{C8050BF9-EAEE-438A-AF9F-913004E7349F}.Debug|Any CPU.ActiveCfg = Debug|Any CPU
		{C8050BF9-EAEE-438A-AF9F-913004E7349F}.Debug|Any CPU.Build.0 = Debug|Any CPU
		{C8050BF9-EAEE-438A-AF9F-913004E7349F}.Release|Any CPU.ActiveCfg = Release|Any CPU
		{C8050BF9-EAEE-438A-AF9F-913004E7349F}.Release|Any CPU.Build.0 = Release|Any CPU
	EndGlobalSection
	GlobalSection(SolutionProperties) = preSolution
		HideSolutionNode = FALSE
	EndGlobalSection
	GlobalSection(ExtensibilityGlobals) = postSolution
		SolutionGuid = {F4EF93F4-753B-4F88-82A4-4078C9163EC4}
	EndGlobalSection
EndGlobal
